
Microsoft Visual Studio Solution File, Format Version 12.00
# Visual Studio Version 16
VisualStudioVersion = 16.0.30011.22
MinimumVisualStudioVersion = 10.0.40219.1
Project("{FAE04EC0-301F-11D3-BF4B-00C04F79EFBC}") = "WindowsFormsApp1", "WindowsFormsApp1\WindowsFormsApp1.csproj", "{B93F6F52-6A69-49BD-9C0A-929E3E878CB3}"
EndProject
Global
	GlobalSection(SolutionConfigurationPlatforms) = preSolution
		Debug|Any CPU = Debug|Any CPU
		Release|Any CPU = Release|Any CPU
	EndGlobalSection
	GlobalSection(ProjectConfigurationPlatforms) = postSolution
		{B93F6F52-6A69-49BD-9C0A-929E3E878CB3}.Debug|Any CPU.ActiveCfg = Debug|Any CPU
		{B93F6F52-6A69-49BD-9C0A-929E3E878CB3}.Debug|Any CPU.Build.0 = Debug|Any CPU
		{B93F6F52-6A69-49BD-9C0A-929E3E878CB3}.Release|Any CPU.ActiveCfg = Release|Any CPU
		{B93F6F52-6A69-49BD-9C0A-929E3E878CB3}.Release|Any CPU.Build.0 = Release|Any CPU
	EndGlobalSection
	GlobalSection(SolutionProperties) = preSolution
		HideSolutionNode = FALSE
	EndGlobalSection
	GlobalSection(ExtensibilityGlobals) = postSolution
		SolutionGuid = {780C3A27-6A5B-4E1A-8358-BD9679FDFD59}
	EndGlobalSection
EndGlobal
